{
  "object": {
    "pins": [
      {
        "package": "InstantSearchVoiceOverlay",
        "repositoryURL": "https://github.com/algolia/voice-overlay-ios.git",
        "state": {
          "branch": null,
          "revision": "55a1047be9e0d9e4d4295ef127cc31b3ef7b8b54",
          "version": "1.2.0"
        }
      }
    ]
  },
  "version": 1
}
